
Microsoft Visual Studio Solution File, Format Version 12.00
# Visual Studio Version 16
VisualStudioVersion = 16.0.30105.148
MinimumVisualStudioVersion = 10.0.40219.1
Project("{FAE04EC0-301F-11D3-BF4B-00C04F79EFBC}") = "Repaso_MVC_Miguel", "Repaso_MVC_Miguel.csproj", "{001C4FC6-554A-4B46-B8F1-D72E350C73AB}"
EndProject
Global
	GlobalSection(SolutionConfigurationPlatforms) = preSolution
		Debug|Any CPU = Debug|Any CPU
		Release|Any CPU = Release|Any CPU
	EndGlobalSection
	GlobalSection(ProjectConfigurationPlatforms) = postSolution
		{001C4FC6-554A-4B46-B8F1-D72E350C73AB}.Debug|Any CPU.ActiveCfg = Debug|Any CPU
		{001C4FC6-554A-4B46-B8F1-D72E350C73AB}.Debug|Any CPU.Build.0 = Debug|Any CPU
		{001C4FC6-554A-4B46-B8F1-D72E350C73AB}.Release|Any CPU.ActiveCfg = Release|Any CPU
		{001C4FC6-554A-4B46-B8F1-D72E350C73AB}.Release|Any CPU.Build.0 = Release|Any CPU
	EndGlobalSection
	GlobalSection(SolutionProperties) = preSolution
		HideSolutionNode = FALSE
	EndGlobalSection
	GlobalSection(ExtensibilityGlobals) = postSolution
		SolutionGuid = {46FE0F3B-B42C-41F5-B39B-C5600F918B19}
	EndGlobalSection
EndGlobal
